
Microsoft Visual Studio Solution File, Format Version 12.00
# Visual Studio Version 16
VisualStudioVersion = 16.0.31729.503
MinimumVisualStudioVersion = 10.0.40219.1
Project("{FAE04EC0-301F-11D3-BF4B-00C04F79EFBC}") = "EncryptionDecryption", "EncryptionDecryption\EncryptionDecryption.csproj", "{F513F316-BFD2-4776-ACE9-A9577877C5DB}"
EndProject
Global
	GlobalSection(SolutionConfigurationPlatforms) = preSolution
		Debug|Any CPU = Debug|Any CPU
		Release|Any CPU = Release|Any CPU
	EndGlobalSection
	GlobalSection(ProjectConfigurationPlatforms) = postSolution
		{F513F316-BFD2-4776-ACE9-A9577877C5DB}.Debug|Any CPU.ActiveCfg = Debug|Any CPU
		{F513F316-BFD2-4776-ACE9-A9577877C5DB}.Debug|Any CPU.Build.0 = Debug|Any CPU
		{F513F316-BFD2-4776-ACE9-A9577877C5DB}.Release|Any CPU.ActiveCfg = Release|Any CPU
		{F513F316-BFD2-4776-ACE9-A9577877C5DB}.Release|Any CPU.Build.0 = Release|Any CPU
	EndGlobalSection
	GlobalSection(SolutionProperties) = preSolution
		HideSolutionNode = FALSE
	EndGlobalSection
	GlobalSection(ExtensibilityGlobals) = postSolution
		SolutionGuid = {4AB012F1-44D3-44B8-A8FA-B194E5246F7A}
	EndGlobalSection
EndGlobal
